
Microsoft Visual Studio Solution File, Format Version 12.00
# Visual Studio 2013
VisualStudioVersion = 12.0.21005.1
MinimumVisualStudioVersion = 10.0.40219.1
Project("{FAE04EC0-301F-11D3-BF4B-00C04F79EFBC}") = "CalypsoMaint", "CalypsoMaint\CalypsoMaint.csproj", "{EFB11479-8152-4147-9BE6-B77C9DB70CBF}"
EndProject
Project("{FAE04EC0-301F-11D3-BF4B-00C04F79EFBC}") = "CalypsoWeb", "CalypsoWeb\CalypsoWeb.csproj", "{B1AD61D0-F3EF-4BA3-A4A4-6DB0FE9699E0}"
EndProject
Project("{00D1A9C2-B5F0-4AF3-8072-F6C62B433612}") = "CalypsoDatabase", "CalypsoDatabase\CalypsoDatabase.sqlproj", "{A70E3FAC-12EF-4A2A-A875-9E75E6347D6E}"
EndProject
Global
	GlobalSection(SolutionConfigurationPlatforms) = preSolution
		Debug|Any CPU = Debug|Any CPU
		Release|Any CPU = Release|Any CPU
	EndGlobalSection
	GlobalSection(ProjectConfigurationPlatforms) = postSolution
		{EFB11479-8152-4147-9BE6-B77C9DB70CBF}.Debug|Any CPU.ActiveCfg = Debug|Any CPU
		{EFB11479-8152-4147-9BE6-B77C9DB70CBF}.Debug|Any CPU.Build.0 = Debug|Any CPU
		{EFB11479-8152-4147-9BE6-B77C9DB70CBF}.Release|Any CPU.ActiveCfg = Release|Any CPU
		{EFB11479-8152-4147-9BE6-B77C9DB70CBF}.Release|Any CPU.Build.0 = Release|Any CPU
		{B1AD61D0-F3EF-4BA3-A4A4-6DB0FE9699E0}.Debug|Any CPU.ActiveCfg = Debug|Any CPU
		{B1AD61D0-F3EF-4BA3-A4A4-6DB0FE9699E0}.Debug|Any CPU.Build.0 = Debug|Any CPU
		{B1AD61D0-F3EF-4BA3-A4A4-6DB0FE9699E0}.Release|Any CPU.ActiveCfg = Release|Any CPU
		{B1AD61D0-F3EF-4BA3-A4A4-6DB0FE9699E0}.Release|Any CPU.Build.0 = Release|Any CPU
		{A70E3FAC-12EF-4A2A-A875-9E75E6347D6E}.Debug|Any CPU.ActiveCfg = Debug|Any CPU
		{A70E3FAC-12EF-4A2A-A875-9E75E6347D6E}.Debug|Any CPU.Build.0 = Debug|Any CPU
		{A70E3FAC-12EF-4A2A-A875-9E75E6347D6E}.Debug|Any CPU.Deploy.0 = Debug|Any CPU
		{A70E3FAC-12EF-4A2A-A875-9E75E6347D6E}.Release|Any CPU.ActiveCfg = Release|Any CPU
		{A70E3FAC-12EF-4A2A-A875-9E75E6347D6E}.Release|Any CPU.Build.0 = Release|Any CPU
		{A70E3FAC-12EF-4A2A-A875-9E75E6347D6E}.Release|Any CPU.Deploy.0 = Release|Any CPU
	EndGlobalSection
	GlobalSection(SolutionProperties) = preSolution
		HideSolutionNode = FALSE
	EndGlobalSection
EndGlobal
